
Microsoft Visual Studio Solution File, Format Version 12.00
# Visual Studio 15
VisualStudioVersion = 15.0.28010.2046
MinimumVisualStudioVersion = 10.0.40219.1
Project("{FAE04EC0-301F-11D3-BF4B-00C04F79EFBC}") = "Cryptography Project", "Cryptography Project\Cryptography Project.csproj", "{98B9EB35-2F49-4558-88FF-9F553566642A}"
EndProject
Global
	GlobalSection(SolutionConfigurationPlatforms) = preSolution
		Debug|Any CPU = Debug|Any CPU
		Release|Any CPU = Release|Any CPU
	EndGlobalSection
	GlobalSection(ProjectConfigurationPlatforms) = postSolution
		{98B9EB35-2F49-4558-88FF-9F553566642A}.Debug|Any CPU.ActiveCfg = Debug|Any CPU
		{98B9EB35-2F49-4558-88FF-9F553566642A}.Debug|Any CPU.Build.0 = Debug|Any CPU
		{98B9EB35-2F49-4558-88FF-9F553566642A}.Release|Any CPU.ActiveCfg = Release|Any CPU
		{98B9EB35-2F49-4558-88FF-9F553566642A}.Release|Any CPU.Build.0 = Release|Any CPU
	EndGlobalSection
	GlobalSection(SolutionProperties) = preSolution
		HideSolutionNode = FALSE
	EndGlobalSection
	GlobalSection(ExtensibilityGlobals) = postSolution
		SolutionGuid = {469CC975-878C-4B8A-A627-B2313E59B562}
	EndGlobalSection
EndGlobal
